
Microsoft Visual Studio Solution File, Format Version 12.00
# Visual Studio Version 17
VisualStudioVersion = 17.3.32929.385
MinimumVisualStudioVersion = 10.0.40219.1
Project("{2150E333-8FDC-42A3-9474-1A3956D46DE8}") = "Data", "Data", "{D6548728-04C0-453D-BBCA-9555CDF34B6B}"
EndProject
Project("{2150E333-8FDC-42A3-9474-1A3956D46DE8}") = "Presentacion", "Presentacion", "{7F20B9EC-614C-4AB5-8155-2338B2D7A17A}"
EndProject
Project("{2150E333-8FDC-42A3-9474-1A3956D46DE8}") = "Logica", "Logica", "{FFBE3296-8976-48DC-880B-89FCE727FE2A}"
EndProject
Project("{2150E333-8FDC-42A3-9474-1A3956D46DE8}") = "Entidades", "Entidades", "{219909AB-1540-4DA6-9525-7CC72617C385}"
EndProject
Project("{9A19103F-16F7-4668-BE54-9A1E7A4F7556}") = "Presentacion", "Presentacion\Presentacion.csproj", "{00D9C20B-96EB-4E0D-B7BE-F20CF5A05B28}"
EndProject
Project("{9A19103F-16F7-4668-BE54-9A1E7A4F7556}") = "Logica", "Logica\Logica.csproj", "{61751839-E031-4CFE-A3B2-D5CD09FF750C}"
EndProject
Project("{9A19103F-16F7-4668-BE54-9A1E7A4F7556}") = "Entidades", "Entidad\Entidades.csproj", "{8F628757-E397-4B62-B4EE-B5216FB22CFF}"
EndProject
Project("{9A19103F-16F7-4668-BE54-9A1E7A4F7556}") = "Data", "Data\Data.csproj", "{82E8B232-DF3A-4E16-8518-1E6BD050E799}"
EndProject
Project("{2150E333-8FDC-42A3-9474-1A3956D46DE8}") = "zTemporal", "zTemporal", "{AEB7476D-8C6F-430C-B356-FB565F4A4158}"
EndProject
Project("{FAE04EC0-301F-11D3-BF4B-00C04F79EFBC}") = "ConsoleApp1", "ConsoleApp1\ConsoleApp1.csproj", "{0628E1E7-3783-463D-A8BC-D43EB858D857}"
EndProject
Global
	GlobalSection(SolutionConfigurationPlatforms) = preSolution
		Debug|Any CPU = Debug|Any CPU
		Release|Any CPU = Release|Any CPU
	EndGlobalSection
	GlobalSection(ProjectConfigurationPlatforms) = postSolution
		{00D9C20B-96EB-4E0D-B7BE-F20CF5A05B28}.Debug|Any CPU.ActiveCfg = Debug|Any CPU
		{00D9C20B-96EB-4E0D-B7BE-F20CF5A05B28}.Debug|Any CPU.Build.0 = Debug|Any CPU
		{00D9C20B-96EB-4E0D-B7BE-F20CF5A05B28}.Release|Any CPU.ActiveCfg = Release|Any CPU
		{00D9C20B-96EB-4E0D-B7BE-F20CF5A05B28}.Release|Any CPU.Build.0 = Release|Any CPU
		{61751839-E031-4CFE-A3B2-D5CD09FF750C}.Debug|Any CPU.ActiveCfg = Debug|Any CPU
		{61751839-E031-4CFE-A3B2-D5CD09FF750C}.Debug|Any CPU.Build.0 = Debug|Any CPU
		{61751839-E031-4CFE-A3B2-D5CD09FF750C}.Release|Any CPU.ActiveCfg = Release|Any CPU
		{61751839-E031-4CFE-A3B2-D5CD09FF750C}.Release|Any CPU.Build.0 = Release|Any CPU
		{8F628757-E397-4B62-B4EE-B5216FB22CFF}.Debug|Any CPU.ActiveCfg = Debug|Any CPU
		{8F628757-E397-4B62-B4EE-B5216FB22CFF}.Debug|Any CPU.Build.0 = Debug|Any CPU
		{8F628757-E397-4B62-B4EE-B5216FB22CFF}.Release|Any CPU.ActiveCfg = Release|Any CPU
		{8F628757-E397-4B62-B4EE-B5216FB22CFF}.Release|Any CPU.Build.0 = Release|Any CPU
		{82E8B232-DF3A-4E16-8518-1E6BD050E799}.Debug|Any CPU.ActiveCfg = Debug|Any CPU
		{82E8B232-DF3A-4E16-8518-1E6BD050E799}.Debug|Any CPU.Build.0 = Debug|Any CPU
		{82E8B232-DF3A-4E16-8518-1E6BD050E799}.Release|Any CPU.ActiveCfg = Release|Any CPU
		{82E8B232-DF3A-4E16-8518-1E6BD050E799}.Release|Any CPU.Build.0 = Release|Any CPU
		{0628E1E7-3783-463D-A8BC-D43EB858D857}.Debug|Any CPU.ActiveCfg = Debug|Any CPU
		{0628E1E7-3783-463D-A8BC-D43EB858D857}.Debug|Any CPU.Build.0 = Debug|Any CPU
		{0628E1E7-3783-463D-A8BC-D43EB858D857}.Release|Any CPU.ActiveCfg = Release|Any CPU
		{0628E1E7-3783-463D-A8BC-D43EB858D857}.Release|Any CPU.Build.0 = Release|Any CPU
	EndGlobalSection
	GlobalSection(SolutionProperties) = preSolution
		HideSolutionNode = FALSE
	EndGlobalSection
	GlobalSection(NestedProjects) = preSolution
		{00D9C20B-96EB-4E0D-B7BE-F20CF5A05B28} = {7F20B9EC-614C-4AB5-8155-2338B2D7A17A}
		{61751839-E031-4CFE-A3B2-D5CD09FF750C} = {FFBE3296-8976-48DC-880B-89FCE727FE2A}
		{8F628757-E397-4B62-B4EE-B5216FB22CFF} = {219909AB-1540-4DA6-9525-7CC72617C385}
		{82E8B232-DF3A-4E16-8518-1E6BD050E799} = {D6548728-04C0-453D-BBCA-9555CDF34B6B}
		{0628E1E7-3783-463D-A8BC-D43EB858D857} = {AEB7476D-8C6F-430C-B356-FB565F4A4158}
	EndGlobalSection
	GlobalSection(ExtensibilityGlobals) = postSolution
		SolutionGuid = {129BEE32-E2D7-41D4-B8B7-4D39800A6FA8}
	EndGlobalSection
EndGlobal
